
Microsoft Visual Studio Solution File, Format Version 12.00
# Visual Studio Version 17
VisualStudioVersion = 17.11.35312.102
MinimumVisualStudioVersion = 10.0.40219.1
Project("{FAE04EC0-301F-11D3-BF4B-00C04F79EFBC}") = "Exception_Filter_and_Try_Catch", "Exception_Filter_and_Try_Catch\Exception_Filter_and_Try_Catch.csproj", "{F96F987D-B397-4438-B244-916DA2120BD8}"
EndProject
Global
	GlobalSection(SolutionConfigurationPlatforms) = preSolution
		Debug|Any CPU = Debug|Any CPU
		Release|Any CPU = Release|Any CPU
	EndGlobalSection
	GlobalSection(ProjectConfigurationPlatforms) = postSolution
		{F96F987D-B397-4438-B244-916DA2120BD8}.Debug|Any CPU.ActiveCfg = Debug|Any CPU
		{F96F987D-B397-4438-B244-916DA2120BD8}.Debug|Any CPU.Build.0 = Debug|Any CPU
		{F96F987D-B397-4438-B244-916DA2120BD8}.Release|Any CPU.ActiveCfg = Release|Any CPU
		{F96F987D-B397-4438-B244-916DA2120BD8}.Release|Any CPU.Build.0 = Release|Any CPU
	EndGlobalSection
	GlobalSection(SolutionProperties) = preSolution
		HideSolutionNode = FALSE
	EndGlobalSection
	GlobalSection(ExtensibilityGlobals) = postSolution
		SolutionGuid = {BED728E8-A8D7-46E6-BFC7-8FAC8897C759}
	EndGlobalSection
EndGlobal
